
Microsoft Visual Studio Solution File, Format Version 12.00
# Visual Studio 15
VisualStudioVersion = 15.0.28010.2050
MinimumVisualStudioVersion = 10.0.40219.1
Project("{FAE04EC0-301F-11D3-BF4B-00C04F79EFBC}") = "UnitTest.Communication", "UnitTestProject\UnitTest.Communication.csproj", "{457F9F6E-3DEC-494A-A145-6FA5ADFC099A}"
EndProject
Project("{FAE04EC0-301F-11D3-BF4B-00C04F79EFBC}") = "Droid.Communication.UI", "Droid.Communication.UI\Droid.Communication.UI.csproj", "{1A0AB8BA-A7B4-401A-A4B0-1CCB03662990}"
EndProject
Project("{9A19103F-16F7-4668-BE54-9A1E7A4F7556}") = "Droid.Communication", "Droid.Communication\Droid.Communication.csproj", "{2243D862-377B-45F1-91FE-738D094F7E78}"
EndProject
Global
	GlobalSection(SolutionConfigurationPlatforms) = preSolution
		Debug|Any CPU = Debug|Any CPU
		Debug|x64 = Debug|x64
		Debug|x86 = Debug|x86
		Droid|Any CPU = Droid|Any CPU
		Droid|x64 = Droid|x64
		Droid|x86 = Droid|x86
		netcore|Any CPU = netcore|Any CPU
		netcore|x64 = netcore|x64
		netcore|x86 = netcore|x86
		Release|Any CPU = Release|Any CPU
		Release|x64 = Release|x64
		Release|x86 = Release|x86
		TobiProject|Any CPU = TobiProject|Any CPU
		TobiProject|x64 = TobiProject|x64
		TobiProject|x86 = TobiProject|x86
	EndGlobalSection
	GlobalSection(ProjectConfigurationPlatforms) = postSolution
		{457F9F6E-3DEC-494A-A145-6FA5ADFC099A}.Debug|Any CPU.ActiveCfg = Debug|Any CPU
		{457F9F6E-3DEC-494A-A145-6FA5ADFC099A}.Debug|Any CPU.Build.0 = Debug|Any CPU
		{457F9F6E-3DEC-494A-A145-6FA5ADFC099A}.Debug|x64.ActiveCfg = Debug|Any CPU
		{457F9F6E-3DEC-494A-A145-6FA5ADFC099A}.Debug|x64.Build.0 = Debug|Any CPU
		{457F9F6E-3DEC-494A-A145-6FA5ADFC099A}.Debug|x86.ActiveCfg = Debug|Any CPU
		{457F9F6E-3DEC-494A-A145-6FA5ADFC099A}.Debug|x86.Build.0 = Debug|Any CPU
		{457F9F6E-3DEC-494A-A145-6FA5ADFC099A}.Droid|Any CPU.ActiveCfg = Debug|Any CPU
		{457F9F6E-3DEC-494A-A145-6FA5ADFC099A}.Droid|Any CPU.Build.0 = Debug|Any CPU
		{457F9F6E-3DEC-494A-A145-6FA5ADFC099A}.Droid|x64.ActiveCfg = Debug|Any CPU
		{457F9F6E-3DEC-494A-A145-6FA5ADFC099A}.Droid|x64.Build.0 = Debug|Any CPU
		{457F9F6E-3DEC-494A-A145-6FA5ADFC099A}.Droid|x86.ActiveCfg = Debug|Any CPU
		{457F9F6E-3DEC-494A-A145-6FA5ADFC099A}.Droid|x86.Build.0 = Debug|Any CPU
		{457F9F6E-3DEC-494A-A145-6FA5ADFC099A}.netcore|Any CPU.ActiveCfg = Debug|Any CPU
		{457F9F6E-3DEC-494A-A145-6FA5ADFC099A}.netcore|Any CPU.Build.0 = Debug|Any CPU
		{457F9F6E-3DEC-494A-A145-6FA5ADFC099A}.netcore|x64.ActiveCfg = Release|Any CPU
		{457F9F6E-3DEC-494A-A145-6FA5ADFC099A}.netcore|x64.Build.0 = Release|Any CPU
		{457F9F6E-3DEC-494A-A145-6FA5ADFC099A}.netcore|x86.ActiveCfg = Release|Any CPU
		{457F9F6E-3DEC-494A-A145-6FA5ADFC099A}.netcore|x86.Build.0 = Release|Any CPU
		{457F9F6E-3DEC-494A-A145-6FA5ADFC099A}.Release|Any CPU.ActiveCfg = Debug|Any CPU
		{457F9F6E-3DEC-494A-A145-6FA5ADFC099A}.Release|Any CPU.Build.0 = Debug|Any CPU
		{457F9F6E-3DEC-494A-A145-6FA5ADFC099A}.Release|x64.ActiveCfg = Release|Any CPU
		{457F9F6E-3DEC-494A-A145-6FA5ADFC099A}.Release|x64.Build.0 = Release|Any CPU
		{457F9F6E-3DEC-494A-A145-6FA5ADFC099A}.Release|x86.ActiveCfg = Release|Any CPU
		{457F9F6E-3DEC-494A-A145-6FA5ADFC099A}.Release|x86.Build.0 = Release|Any CPU
		{457F9F6E-3DEC-494A-A145-6FA5ADFC099A}.TobiProject|Any CPU.ActiveCfg = Debug|Any CPU
		{457F9F6E-3DEC-494A-A145-6FA5ADFC099A}.TobiProject|Any CPU.Build.0 = Debug|Any CPU
		{457F9F6E-3DEC-494A-A145-6FA5ADFC099A}.TobiProject|x64.ActiveCfg = Release|Any CPU
		{457F9F6E-3DEC-494A-A145-6FA5ADFC099A}.TobiProject|x64.Build.0 = Release|Any CPU
		{457F9F6E-3DEC-494A-A145-6FA5ADFC099A}.TobiProject|x86.ActiveCfg = Release|Any CPU
		{457F9F6E-3DEC-494A-A145-6FA5ADFC099A}.TobiProject|x86.Build.0 = Release|Any CPU
		{1A0AB8BA-A7B4-401A-A4B0-1CCB03662990}.Debug|Any CPU.ActiveCfg = Debug|Any CPU
		{1A0AB8BA-A7B4-401A-A4B0-1CCB03662990}.Debug|Any CPU.Build.0 = Debug|Any CPU
		{1A0AB8BA-A7B4-401A-A4B0-1CCB03662990}.Debug|x64.ActiveCfg = Debug|x64
		{1A0AB8BA-A7B4-401A-A4B0-1CCB03662990}.Debug|x64.Build.0 = Debug|x64
		{1A0AB8BA-A7B4-401A-A4B0-1CCB03662990}.Debug|x86.ActiveCfg = Debug|x86
		{1A0AB8BA-A7B4-401A-A4B0-1CCB03662990}.Debug|x86.Build.0 = Debug|x86
		{1A0AB8BA-A7B4-401A-A4B0-1CCB03662990}.Droid|Any CPU.ActiveCfg = Debug|Any CPU
		{1A0AB8BA-A7B4-401A-A4B0-1CCB03662990}.Droid|Any CPU.Build.0 = Debug|Any CPU
		{1A0AB8BA-A7B4-401A-A4B0-1CCB03662990}.Droid|x64.ActiveCfg = Droid|x64
		{1A0AB8BA-A7B4-401A-A4B0-1CCB03662990}.Droid|x64.Build.0 = Droid|x64
		{1A0AB8BA-A7B4-401A-A4B0-1CCB03662990}.Droid|x86.ActiveCfg = Droid|x86
		{1A0AB8BA-A7B4-401A-A4B0-1CCB03662990}.Droid|x86.Build.0 = Droid|x86
		{1A0AB8BA-A7B4-401A-A4B0-1CCB03662990}.netcore|Any CPU.ActiveCfg = Debug|Any CPU
		{1A0AB8BA-A7B4-401A-A4B0-1CCB03662990}.netcore|x64.ActiveCfg = netcore|x64
		{1A0AB8BA-A7B4-401A-A4B0-1CCB03662990}.netcore|x64.Build.0 = netcore|x64
		{1A0AB8BA-A7B4-401A-A4B0-1CCB03662990}.netcore|x86.ActiveCfg = netcore|x86
		{1A0AB8BA-A7B4-401A-A4B0-1CCB03662990}.netcore|x86.Build.0 = netcore|x86
		{1A0AB8BA-A7B4-401A-A4B0-1CCB03662990}.Release|Any CPU.ActiveCfg = Debug|Any CPU
		{1A0AB8BA-A7B4-401A-A4B0-1CCB03662990}.Release|Any CPU.Build.0 = Debug|Any CPU
		{1A0AB8BA-A7B4-401A-A4B0-1CCB03662990}.Release|x64.ActiveCfg = Release|x64
		{1A0AB8BA-A7B4-401A-A4B0-1CCB03662990}.Release|x64.Build.0 = Release|x64
		{1A0AB8BA-A7B4-401A-A4B0-1CCB03662990}.Release|x86.ActiveCfg = Release|x86
		{1A0AB8BA-A7B4-401A-A4B0-1CCB03662990}.Release|x86.Build.0 = Release|x86
		{1A0AB8BA-A7B4-401A-A4B0-1CCB03662990}.TobiProject|Any CPU.ActiveCfg = Debug|Any CPU
		{1A0AB8BA-A7B4-401A-A4B0-1CCB03662990}.TobiProject|Any CPU.Build.0 = Debug|Any CPU
		{1A0AB8BA-A7B4-401A-A4B0-1CCB03662990}.TobiProject|x64.ActiveCfg = TobiProject|x64
		{1A0AB8BA-A7B4-401A-A4B0-1CCB03662990}.TobiProject|x64.Build.0 = TobiProject|x64
		{1A0AB8BA-A7B4-401A-A4B0-1CCB03662990}.TobiProject|x86.ActiveCfg = TobiProject|x86
		{1A0AB8BA-A7B4-401A-A4B0-1CCB03662990}.TobiProject|x86.Build.0 = TobiProject|x86
		{2243D862-377B-45F1-91FE-738D094F7E78}.Debug|Any CPU.ActiveCfg = Debug|Any CPU
		{2243D862-377B-45F1-91FE-738D094F7E78}.Debug|Any CPU.Build.0 = Debug|Any CPU
		{2243D862-377B-45F1-91FE-738D094F7E78}.Debug|x64.ActiveCfg = Debug|Any CPU
		{2243D862-377B-45F1-91FE-738D094F7E78}.Debug|x64.Build.0 = Debug|Any CPU
		{2243D862-377B-45F1-91FE-738D094F7E78}.Debug|x86.ActiveCfg = Debug|Any CPU
		{2243D862-377B-45F1-91FE-738D094F7E78}.Debug|x86.Build.0 = Debug|Any CPU
		{2243D862-377B-45F1-91FE-738D094F7E78}.Droid|Any CPU.ActiveCfg = Debug|Any CPU
		{2243D862-377B-45F1-91FE-738D094F7E78}.Droid|Any CPU.Build.0 = Debug|Any CPU
		{2243D862-377B-45F1-91FE-738D094F7E78}.Droid|x64.ActiveCfg = Debug|Any CPU
		{2243D862-377B-45F1-91FE-738D094F7E78}.Droid|x64.Build.0 = Debug|Any CPU
		{2243D862-377B-45F1-91FE-738D094F7E78}.Droid|x86.ActiveCfg = Debug|Any CPU
		{2243D862-377B-45F1-91FE-738D094F7E78}.Droid|x86.Build.0 = Debug|Any CPU
		{2243D862-377B-45F1-91FE-738D094F7E78}.netcore|Any CPU.ActiveCfg = Debug|Any CPU
		{2243D862-377B-45F1-91FE-738D094F7E78}.netcore|Any CPU.Build.0 = Debug|Any CPU
		{2243D862-377B-45F1-91FE-738D094F7E78}.netcore|x64.ActiveCfg = netcore|Any CPU
		{2243D862-377B-45F1-91FE-738D094F7E78}.netcore|x64.Build.0 = netcore|Any CPU
		{2243D862-377B-45F1-91FE-738D094F7E78}.netcore|x86.ActiveCfg = netcore|Any CPU
		{2243D862-377B-45F1-91FE-738D094F7E78}.netcore|x86.Build.0 = netcore|Any CPU
		{2243D862-377B-45F1-91FE-738D094F7E78}.Release|Any CPU.ActiveCfg = Debug|Any CPU
		{2243D862-377B-45F1-91FE-738D094F7E78}.Release|Any CPU.Build.0 = Debug|Any CPU
		{2243D862-377B-45F1-91FE-738D094F7E78}.Release|x64.ActiveCfg = Release|Any CPU
		{2243D862-377B-45F1-91FE-738D094F7E78}.Release|x64.Build.0 = Release|Any CPU
		{2243D862-377B-45F1-91FE-738D094F7E78}.Release|x86.ActiveCfg = Release|Any CPU
		{2243D862-377B-45F1-91FE-738D094F7E78}.Release|x86.Build.0 = Release|Any CPU
		{2243D862-377B-45F1-91FE-738D094F7E78}.TobiProject|Any CPU.ActiveCfg = Debug|Any CPU
		{2243D862-377B-45F1-91FE-738D094F7E78}.TobiProject|Any CPU.Build.0 = Debug|Any CPU
		{2243D862-377B-45F1-91FE-738D094F7E78}.TobiProject|x64.ActiveCfg = Debug|Any CPU
		{2243D862-377B-45F1-91FE-738D094F7E78}.TobiProject|x64.Build.0 = Debug|Any CPU
		{2243D862-377B-45F1-91FE-738D094F7E78}.TobiProject|x86.ActiveCfg = Debug|Any CPU
		{2243D862-377B-45F1-91FE-738D094F7E78}.TobiProject|x86.Build.0 = Debug|Any CPU
	EndGlobalSection
	GlobalSection(SolutionProperties) = preSolution
		HideSolutionNode = FALSE
	EndGlobalSection
	GlobalSection(ExtensibilityGlobals) = postSolution
		SolutionGuid = {FBE8C422-21E5-44ED-97C3-7654DDE4495C}
	EndGlobalSection
EndGlobal
